
Microsoft Visual Studio Solution File, Format Version 12.00
# Visual Studio 15
VisualStudioVersion = 15.0.27703.2035
MinimumVisualStudioVersion = 10.0.40219.1
Project("{2150E333-8FDC-42A3-9474-1A3956D46DE8}") = "src", "src", "{6925915C-C7B3-4BA9-BFC3-DEB9C9E5B5B6}"
EndProject
Project("{2150E333-8FDC-42A3-9474-1A3956D46DE8}") = "tests", "tests", "{C47BDC59-3D7C-4E43-B43D-2F8AED6FB454}"
EndProject
Project("{2150E333-8FDC-42A3-9474-1A3956D46DE8}") = "etc", "etc", "{EEAC90ED-4C9A-4CDF-8832-8C2C37A07D97}"
EndProject
Project("{9A19103F-16F7-4668-BE54-9A1E7A4F7556}") = "NetworkBuffer.Tests", "tests\NetworkBuffer.Tests\NetworkBuffer.Tests.csproj", "{B6FD5770-E467-4E72-B136-3FD717D65C66}"
EndProject
Project("{9A19103F-16F7-4668-BE54-9A1E7A4F7556}") = "NetworkBuffer", "src\NetworkBuffer\NetworkBuffer.csproj", "{F1F9750F-F9DE-4C21-A2B5-22D083686853}"
EndProject
Global
	GlobalSection(SolutionConfigurationPlatforms) = preSolution
		Debug|Any CPU = Debug|Any CPU
		Release|Any CPU = Release|Any CPU
	EndGlobalSection
	GlobalSection(ProjectConfigurationPlatforms) = postSolution
		{B6FD5770-E467-4E72-B136-3FD717D65C66}.Debug|Any CPU.ActiveCfg = Debug|Any CPU
		{B6FD5770-E467-4E72-B136-3FD717D65C66}.Debug|Any CPU.Build.0 = Debug|Any CPU
		{B6FD5770-E467-4E72-B136-3FD717D65C66}.Release|Any CPU.ActiveCfg = Release|Any CPU
		{B6FD5770-E467-4E72-B136-3FD717D65C66}.Release|Any CPU.Build.0 = Release|Any CPU
		{F1F9750F-F9DE-4C21-A2B5-22D083686853}.Debug|Any CPU.ActiveCfg = Debug|Any CPU
		{F1F9750F-F9DE-4C21-A2B5-22D083686853}.Debug|Any CPU.Build.0 = Debug|Any CPU
		{F1F9750F-F9DE-4C21-A2B5-22D083686853}.Release|Any CPU.ActiveCfg = Release|Any CPU
		{F1F9750F-F9DE-4C21-A2B5-22D083686853}.Release|Any CPU.Build.0 = Release|Any CPU
	EndGlobalSection
	GlobalSection(SolutionProperties) = preSolution
		HideSolutionNode = FALSE
	EndGlobalSection
	GlobalSection(NestedProjects) = preSolution
		{B6FD5770-E467-4E72-B136-3FD717D65C66} = {C47BDC59-3D7C-4E43-B43D-2F8AED6FB454}
		{F1F9750F-F9DE-4C21-A2B5-22D083686853} = {6925915C-C7B3-4BA9-BFC3-DEB9C9E5B5B6}
	EndGlobalSection
	GlobalSection(ExtensibilityGlobals) = postSolution
		SolutionGuid = {C71829AB-DBD2-4EC9-B0D0-0222265BF3B0}
	EndGlobalSection
EndGlobal
